
Microsoft Visual Studio Solution File, Format Version 11.00
# Visual Studio 2010
Project("{8BC9CEB8-8B4A-11D0-8D11-00A0C91BC942}") = "LSI_2", "LSI_2\LSI_2.vcxproj", "{DA27CED0-A61C-4569-8088-A426FFDFB3A4}"
EndProject
Global
	GlobalSection(SolutionConfigurationPlatforms) = preSolution
		Debug|Win32 = Debug|Win32
		Release|Win32 = Release|Win32
	EndGlobalSection
	GlobalSection(ProjectConfigurationPlatforms) = postSolution
		{DA27CED0-A61C-4569-8088-A426FFDFB3A4}.Debug|Win32.ActiveCfg = Debug|Win32
		{DA27CED0-A61C-4569-8088-A426FFDFB3A4}.Debug|Win32.Build.0 = Debug|Win32
		{DA27CED0-A61C-4569-8088-A426FFDFB3A4}.Release|Win32.ActiveCfg = Release|Win32
		{DA27CED0-A61C-4569-8088-A426FFDFB3A4}.Release|Win32.Build.0 = Release|Win32
	EndGlobalSection
	GlobalSection(SolutionProperties) = preSolution
		HideSolutionNode = FALSE
	EndGlobalSection
EndGlobal
